
Microsoft Visual Studio Solution File, Format Version 12.00
# Visual Studio Version 17
VisualStudioVersion = 17.0.31903.59
MinimumVisualStudioVersion = 10.0.40219.1
Project("{FAE04EC0-301F-11D3-BF4B-00C04F79EFBC}") = "two-fer", "two-fer\two-fer.csproj", "{BE329A4F-AC2E-4BB7-AF07-51A0DC2A6ADA}"
EndProject
Project("{FAE04EC0-301F-11D3-BF4B-00C04F79EFBC}") = "two-fer-tests", "two-fer-tests\two-fer-tests.csproj", "{6EB34282-C1E0-47BA-8901-20F35BDB2631}"
EndProject
Project("{FAE04EC0-301F-11D3-BF4B-00C04F79EFBC}") = "leap", "leap\leap.csproj", "{835665B2-B5EE-4397-AC06-F53CACCAA01A}"
EndProject
Project("{FAE04EC0-301F-11D3-BF4B-00C04F79EFBC}") = "leap-tests", "leap-tests\leap-tests.csproj", "{EB3D4B95-06C4-4F48-B334-AD4F18905A2A}"
EndProject
Project("{FAE04EC0-301F-11D3-BF4B-00C04F79EFBC}") = "gigasecond", "gigasecond\gigasecond.csproj", "{224B47C8-BF14-4F53-9499-6640404660BD}"
EndProject
Project("{FAE04EC0-301F-11D3-BF4B-00C04F79EFBC}") = "gigasecond-tests", "gigasecond-tests\gigasecond-tests.csproj", "{BA7D721F-EDBF-4EDC-9778-C4BBCDA6C4CB}"
EndProject
Project("{FAE04EC0-301F-11D3-BF4B-00C04F79EFBC}") = "resistor-color", "resistor-color\resistor-color.csproj", "{23DB4846-30AD-4001-B309-D24B1003691B}"
EndProject
Project("{FAE04EC0-301F-11D3-BF4B-00C04F79EFBC}") = "resistor-color-tests", "resistor-color-tests\resistor-color-tests.csproj", "{31068BE6-6ED4-4348-887A-63F3A22AA64D}"
EndProject
Project("{FAE04EC0-301F-11D3-BF4B-00C04F79EFBC}") = "space-age", "space-age\space-age.csproj", "{D6E83A86-5B99-41C9-BCD6-6A052C9D364C}"
EndProject
Project("{FAE04EC0-301F-11D3-BF4B-00C04F79EFBC}") = "space-age-tests", "space-age-tests\space-age-tests.csproj", "{60A9AEE9-4F44-4040-B2B3-A2B64E2CD7EC}"
EndProject
Project("{FAE04EC0-301F-11D3-BF4B-00C04F79EFBC}") = "high-scores", "high-scores\high-scores.csproj", "{5493B011-C4AD-444B-B80A-73887CE7C6F7}"
EndProject
Project("{FAE04EC0-301F-11D3-BF4B-00C04F79EFBC}") = "high-scores-tests", "high-scores-tests\high-scores-tests.csproj", "{BB7FDAA0-42C0-4AE3-9A9F-B5E47BA4D255}"
EndProject
Project("{FAE04EC0-301F-11D3-BF4B-00C04F79EFBC}") = "hamming", "hamming\hamming.csproj", "{C089A5F5-98DB-4883-85F2-16FBCA7C7872}"
EndProject
Project("{FAE04EC0-301F-11D3-BF4B-00C04F79EFBC}") = "hamming-tests", "hamming-tests\hamming-tests.csproj", "{AB2F08E7-4D8F-43B0-81A7-79AC39175839}"
EndProject
Project("{FAE04EC0-301F-11D3-BF4B-00C04F79EFBC}") = "nucleotide-count", "nucleotide-count\nucleotide-count.csproj", "{B3EA8749-1CAC-4387-97A1-E3D59C9C6C73}"
EndProject
Project("{FAE04EC0-301F-11D3-BF4B-00C04F79EFBC}") = "nucleotide-count-tests", "nucleotide-count-tests\nucleotide-count-tests.csproj", "{3AF3B562-9D75-4B54-8494-CC0CDD9FC05C}"
EndProject
Project("{FAE04EC0-301F-11D3-BF4B-00C04F79EFBC}") = "allergies", "allergies\allergies.csproj", "{50B5AA17-4301-4A23-B326-03AF25F9EF9C}"
EndProject
Project("{FAE04EC0-301F-11D3-BF4B-00C04F79EFBC}") = "allergies-tests", "allergies-tests\allergies-tests.csproj", "{CFBC8AA4-AC9A-44AF-9105-7E8AA8849F29}"
EndProject
Project("{FAE04EC0-301F-11D3-BF4B-00C04F79EFBC}") = "grade-school", "grade-school\grade-school.csproj", "{95ACEE5A-02B5-4988-A34B-E8E918ACEC9D}"
EndProject
Project("{FAE04EC0-301F-11D3-BF4B-00C04F79EFBC}") = "grade-school-tests", "grade-school-tests\grade-school-tests.csproj", "{2D59A8D9-2C3D-4092-9462-2D6F9E2890CB}"
EndProject
Project("{FAE04EC0-301F-11D3-BF4B-00C04F79EFBC}") = "robot-name", "robot-name\robot-name.csproj", "{CF6D177F-5FE8-4302-8CC8-5CDB67789BFA}"
EndProject
Project("{FAE04EC0-301F-11D3-BF4B-00C04F79EFBC}") = "robot-name-tests", "robot-name-tests\robot-name-tests.csproj", "{E5042B0E-AC14-47A0-9E5D-2E6584045ACE}"
EndProject
Project("{FAE04EC0-301F-11D3-BF4B-00C04F79EFBC}") = "pangram", "pangram\pangram.csproj", "{700CB46D-C5B2-4CDE-B494-0924B90BFCEF}"
EndProject
Project("{FAE04EC0-301F-11D3-BF4B-00C04F79EFBC}") = "pangram-tests", "pangram-tests\pangram-tests.csproj", "{FF470B44-A875-4B64-9923-89D1D1B5DDCC}"
EndProject
Project("{FAE04EC0-301F-11D3-BF4B-00C04F79EFBC}") = "isogram", "isogram\isogram.csproj", "{326EDC44-6CAF-449B-8E6C-ED7854D2FBF8}"
EndProject
Project("{FAE04EC0-301F-11D3-BF4B-00C04F79EFBC}") = "isogram-tests", "isogram-tests\isogram-tests.csproj", "{B6DACEAB-3EE9-44A8-B8AE-DBE7F159F690}"
EndProject
Project("{FAE04EC0-301F-11D3-BF4B-00C04F79EFBC}") = "grains", "grains\grains.csproj", "{4E4EE7ED-635E-486C-9193-054BF629A42A}"
EndProject
Project("{FAE04EC0-301F-11D3-BF4B-00C04F79EFBC}") = "grains-tests", "grains-tests\grains-tests.csproj", "{FC156781-08DA-48C7-896A-8824B7631591}"
EndProject
Project("{FAE04EC0-301F-11D3-BF4B-00C04F79EFBC}") = "perfect-numbers", "perfect-numbers\perfect-numbers.csproj", "{2C6F8EF3-4AC9-4617-A83E-DC5D0B06A79D}"
EndProject
Project("{FAE04EC0-301F-11D3-BF4B-00C04F79EFBC}") = "perfect-numbers-tests", "perfect-numbers-tests\perfect-numbers-tests.csproj", "{FD6B31B9-2808-49ED-9D21-A75BD1777611}"
EndProject
Project("{FAE04EC0-301F-11D3-BF4B-00C04F79EFBC}") = "collatz-conjecture", "collatz-conjecture\collatz-conjecture.csproj", "{FAC3CF16-B81D-489A-9EBA-8E3412516395}"
EndProject
Project("{FAE04EC0-301F-11D3-BF4B-00C04F79EFBC}") = "collatz-conjecture-tests", "collatz-conjecture-tests\collatz-conjecture-tests.csproj", "{C5F94E8A-872E-4440-973B-32EBD4E1F9CC}"
EndProject
Project("{FAE04EC0-301F-11D3-BF4B-00C04F79EFBC}") = "phone-number", "phone-number\phone-number.csproj", "{C6494E76-0D44-4A5D-B092-3A1EAFC9B3D4}"
EndProject
Project("{FAE04EC0-301F-11D3-BF4B-00C04F79EFBC}") = "phone-number-tests", "phone-number-tests\phone-number-tests.csproj", "{565830D4-D2A0-4514-A99C-8BCD72236262}"
EndProject
Project("{FAE04EC0-301F-11D3-BF4B-00C04F79EFBC}") = "scrabble-score", "scrabble-score\scrabble-score.csproj", "{40FE5455-EC4B-408B-B841-2F114DF31CD5}"
EndProject
Project("{FAE04EC0-301F-11D3-BF4B-00C04F79EFBC}") = "scrabble-score-tests", "scrabble-score-tests\scrabble-score-tests.csproj", "{F6B4A7B5-122F-4F0A-97B9-EC6CC286BD26}"
EndProject
Project("{FAE04EC0-301F-11D3-BF4B-00C04F79EFBC}") = "difference-of-squares", "difference-of-squares\difference-of-squares.csproj", "{72F89054-4206-4D87-A1F6-3713B380C2B5}"
EndProject
Project("{FAE04EC0-301F-11D3-BF4B-00C04F79EFBC}") = "difference-of-squares-tests", "difference-of-squares-tests\difference-of-squares-tests.csproj", "{A121250E-0A67-4C18-A1BD-5E629C40D165}"
EndProject
Project("{FAE04EC0-301F-11D3-BF4B-00C04F79EFBC}") = "resistor-color-duo", "resistor-color-duo\resistor-color-duo.csproj", "{1AEC18AC-9094-4941-978D-0DA27A2C487D}"
EndProject
Project("{FAE04EC0-301F-11D3-BF4B-00C04F79EFBC}") = "resistor-color-duo-tests", "resistor-color-duo-tests\resistor-color-duo-tests.csproj", "{B35B7AA9-8849-4ED9-B780-7275B9F26527}"
EndProject
Project("{FAE04EC0-301F-11D3-BF4B-00C04F79EFBC}") = "resistor-color-trio", "resistor-color-trio\resistor-color-trio.csproj", "{8E3B4155-B960-44A0-BA03-A84AC039FA2A}"
EndProject
Project("{FAE04EC0-301F-11D3-BF4B-00C04F79EFBC}") = "resistor-color-trio-tests", "resistor-color-trio-tests\resistor-color-trio-tests.csproj", "{3B31A0D4-6129-4ABC-BFF3-3445FF0BEAEB}"
EndProject
Project("{FAE04EC0-301F-11D3-BF4B-00C04F79EFBC}") = "series", "series\series.csproj", "{C77C3542-0852-4411-9A6A-70B482953768}"
EndProject
Project("{FAE04EC0-301F-11D3-BF4B-00C04F79EFBC}") = "series-tests", "series-tests\series-tests.csproj", "{6B762ADD-EC37-4A5E-A327-B30E1B168A33}"
EndProject
Project("{FAE04EC0-301F-11D3-BF4B-00C04F79EFBC}") = "sum-of-multiples", "sum-of-multiples\sum-of-multiples.csproj", "{4E3AC624-BDF7-4AAA-BCA8-B9C74B3A9CF4}"
EndProject
Project("{FAE04EC0-301F-11D3-BF4B-00C04F79EFBC}") = "sum-of-multiples-tests", "sum-of-multiples-tests\sum-of-multiples-tests.csproj", "{DE71E582-AF3D-4075-80F6-03408C955774}"
EndProject
Project("{FAE04EC0-301F-11D3-BF4B-00C04F79EFBC}") = "accumulate", "accumulate\accumulate.csproj", "{37394240-CE6C-4EE2-864F-4CF45C543FC1}"
EndProject
Project("{FAE04EC0-301F-11D3-BF4B-00C04F79EFBC}") = "accumulate-tests", "accumulate-tests\accumulate-tests.csproj", "{67F459C0-FA8C-4D2B-A6A8-DC724D2F7304}"
EndProject
Project("{FAE04EC0-301F-11D3-BF4B-00C04F79EFBC}") = "armstrong-numbers", "armstrong-numbers\armstrong-numbers.csproj", "{888056DE-CE22-44A5-B9EE-5B5742697019}"
EndProject
Project("{FAE04EC0-301F-11D3-BF4B-00C04F79EFBC}") = "armstrong-numbers-tests", "armstrong-numbers-tests\armstrong-numbers-tests.csproj", "{766161AB-8B15-4F59-9678-6EB86503ADF6}"
EndProject
Project("{FAE04EC0-301F-11D3-BF4B-00C04F79EFBC}") = "darts", "darts\darts.csproj", "{ABF6FDA2-693D-4CDE-A510-09F4DF89A06E}"
EndProject
Project("{FAE04EC0-301F-11D3-BF4B-00C04F79EFBC}") = "darts-tests", "darts-tests\darts-tests.csproj", "{BFCF2455-B1DB-4EC1-B106-D449DD0AFCF9}"
EndProject
Project("{FAE04EC0-301F-11D3-BF4B-00C04F79EFBC}") = "triangle", "triangle\triangle.csproj", "{C7D456BA-AAD2-4992-ADD5-184707BE9EE1}"
EndProject
Project("{FAE04EC0-301F-11D3-BF4B-00C04F79EFBC}") = "triangle-tests", "triangle-tests\triangle-tests.csproj", "{C4CF757F-79F7-4CE3-9D20-F1146AF8AB90}"
EndProject
Project("{FAE04EC0-301F-11D3-BF4B-00C04F79EFBC}") = "raindrops", "raindrops\raindrops.csproj", "{C8A926C4-0CF5-49D4-9136-A19516193012}"
EndProject
Project("{FAE04EC0-301F-11D3-BF4B-00C04F79EFBC}") = "raindrops-tests", "raindrops-tests\raindrops-tests.csproj", "{B164FEBE-9A30-4A50-B85A-A3D246947899}"
EndProject
Project("{FAE04EC0-301F-11D3-BF4B-00C04F79EFBC}") = "beer-song", "beer-song\beer-song.csproj", "{1BFCA854-3D24-4B2F-A420-143762BA6252}"
EndProject
Project("{FAE04EC0-301F-11D3-BF4B-00C04F79EFBC}") = "beer-song-tests", "beer-song-tests\beer-song-tests.csproj", "{0A1BEBB6-6720-4AE7-A3AC-1C5D58C3BBD5}"
EndProject
Project("{FAE04EC0-301F-11D3-BF4B-00C04F79EFBC}") = "proverb", "proverb\proverb.csproj", "{2C4B82D9-46DF-43E0-AD5D-776D3A4A2F53}"
EndProject
Project("{FAE04EC0-301F-11D3-BF4B-00C04F79EFBC}") = "proverb-tests", "proverb-tests\proverb-tests.csproj", "{AC14F3F4-D68B-4AE3-BCD3-2CD9B608EBFB}"
EndProject
Project("{FAE04EC0-301F-11D3-BF4B-00C04F79EFBC}") = "strain", "strain\strain.csproj", "{E83488BE-9286-43FF-AAF5-CA0380ED5597}"
EndProject
Project("{FAE04EC0-301F-11D3-BF4B-00C04F79EFBC}") = "strain-tests", "strain-tests\strain-tests.csproj", "{25BFA75F-35AA-4740-B9EE-CD76E0845A30}"
EndProject
Project("{FAE04EC0-301F-11D3-BF4B-00C04F79EFBC}") = "protein-translation", "protein-translation\protein-translation.csproj", "{E37957A9-618E-44FF-86F2-405C7E2242C5}"
EndProject
Project("{FAE04EC0-301F-11D3-BF4B-00C04F79EFBC}") = "protein-translation-tests", "protein-translation-tests\protein-translation-tests.csproj", "{793BBAD3-8422-4BEA-A598-DC514C1386C7}"
EndProject
Project("{FAE04EC0-301F-11D3-BF4B-00C04F79EFBC}") = "etl", "etl\etl.csproj", "{9146014B-016A-442A-87A0-D0EF071890FB}"
EndProject
Project("{FAE04EC0-301F-11D3-BF4B-00C04F79EFBC}") = "etl-tests", "etl-tests\etl-tests.csproj", "{FFC18F3F-F1D2-4B9A-A7D2-F0BDE3DC511F}"
EndProject
Global
	GlobalSection(SolutionConfigurationPlatforms) = preSolution
		Debug|Any CPU = Debug|Any CPU
		Release|Any CPU = Release|Any CPU
	EndGlobalSection
	GlobalSection(ProjectConfigurationPlatforms) = postSolution
		{BE329A4F-AC2E-4BB7-AF07-51A0DC2A6ADA}.Debug|Any CPU.ActiveCfg = Debug|Any CPU
		{BE329A4F-AC2E-4BB7-AF07-51A0DC2A6ADA}.Debug|Any CPU.Build.0 = Debug|Any CPU
		{BE329A4F-AC2E-4BB7-AF07-51A0DC2A6ADA}.Release|Any CPU.ActiveCfg = Release|Any CPU
		{BE329A4F-AC2E-4BB7-AF07-51A0DC2A6ADA}.Release|Any CPU.Build.0 = Release|Any CPU
		{6EB34282-C1E0-47BA-8901-20F35BDB2631}.Debug|Any CPU.ActiveCfg = Debug|Any CPU
		{6EB34282-C1E0-47BA-8901-20F35BDB2631}.Debug|Any CPU.Build.0 = Debug|Any CPU
		{6EB34282-C1E0-47BA-8901-20F35BDB2631}.Release|Any CPU.ActiveCfg = Release|Any CPU
		{6EB34282-C1E0-47BA-8901-20F35BDB2631}.Release|Any CPU.Build.0 = Release|Any CPU
		{835665B2-B5EE-4397-AC06-F53CACCAA01A}.Debug|Any CPU.ActiveCfg = Debug|Any CPU
		{835665B2-B5EE-4397-AC06-F53CACCAA01A}.Debug|Any CPU.Build.0 = Debug|Any CPU
		{835665B2-B5EE-4397-AC06-F53CACCAA01A}.Release|Any CPU.ActiveCfg = Release|Any CPU
		{835665B2-B5EE-4397-AC06-F53CACCAA01A}.Release|Any CPU.Build.0 = Release|Any CPU
		{EB3D4B95-06C4-4F48-B334-AD4F18905A2A}.Debug|Any CPU.ActiveCfg = Debug|Any CPU
		{EB3D4B95-06C4-4F48-B334-AD4F18905A2A}.Debug|Any CPU.Build.0 = Debug|Any CPU
		{EB3D4B95-06C4-4F48-B334-AD4F18905A2A}.Release|Any CPU.ActiveCfg = Release|Any CPU
		{EB3D4B95-06C4-4F48-B334-AD4F18905A2A}.Release|Any CPU.Build.0 = Release|Any CPU
		{224B47C8-BF14-4F53-9499-6640404660BD}.Debug|Any CPU.ActiveCfg = Debug|Any CPU
		{224B47C8-BF14-4F53-9499-6640404660BD}.Debug|Any CPU.Build.0 = Debug|Any CPU
		{224B47C8-BF14-4F53-9499-6640404660BD}.Release|Any CPU.ActiveCfg = Release|Any CPU
		{224B47C8-BF14-4F53-9499-6640404660BD}.Release|Any CPU.Build.0 = Release|Any CPU
		{BA7D721F-EDBF-4EDC-9778-C4BBCDA6C4CB}.Debug|Any CPU.ActiveCfg = Debug|Any CPU
		{BA7D721F-EDBF-4EDC-9778-C4BBCDA6C4CB}.Debug|Any CPU.Build.0 = Debug|Any CPU
		{BA7D721F-EDBF-4EDC-9778-C4BBCDA6C4CB}.Release|Any CPU.ActiveCfg = Release|Any CPU
		{BA7D721F-EDBF-4EDC-9778-C4BBCDA6C4CB}.Release|Any CPU.Build.0 = Release|Any CPU
		{23DB4846-30AD-4001-B309-D24B1003691B}.Debug|Any CPU.ActiveCfg = Debug|Any CPU
		{23DB4846-30AD-4001-B309-D24B1003691B}.Debug|Any CPU.Build.0 = Debug|Any CPU
		{23DB4846-30AD-4001-B309-D24B1003691B}.Release|Any CPU.ActiveCfg = Release|Any CPU
		{23DB4846-30AD-4001-B309-D24B1003691B}.Release|Any CPU.Build.0 = Release|Any CPU
		{31068BE6-6ED4-4348-887A-63F3A22AA64D}.Debug|Any CPU.ActiveCfg = Debug|Any CPU
		{31068BE6-6ED4-4348-887A-63F3A22AA64D}.Debug|Any CPU.Build.0 = Debug|Any CPU
		{31068BE6-6ED4-4348-887A-63F3A22AA64D}.Release|Any CPU.ActiveCfg = Release|Any CPU
		{31068BE6-6ED4-4348-887A-63F3A22AA64D}.Release|Any CPU.Build.0 = Release|Any CPU
		{D6E83A86-5B99-41C9-BCD6-6A052C9D364C}.Debug|Any CPU.ActiveCfg = Debug|Any CPU
		{D6E83A86-5B99-41C9-BCD6-6A052C9D364C}.Debug|Any CPU.Build.0 = Debug|Any CPU
		{D6E83A86-5B99-41C9-BCD6-6A052C9D364C}.Release|Any CPU.ActiveCfg = Release|Any CPU
		{D6E83A86-5B99-41C9-BCD6-6A052C9D364C}.Release|Any CPU.Build.0 = Release|Any CPU
		{60A9AEE9-4F44-4040-B2B3-A2B64E2CD7EC}.Debug|Any CPU.ActiveCfg = Debug|Any CPU
		{60A9AEE9-4F44-4040-B2B3-A2B64E2CD7EC}.Debug|Any CPU.Build.0 = Debug|Any CPU
		{60A9AEE9-4F44-4040-B2B3-A2B64E2CD7EC}.Release|Any CPU.ActiveCfg = Release|Any CPU
		{60A9AEE9-4F44-4040-B2B3-A2B64E2CD7EC}.Release|Any CPU.Build.0 = Release|Any CPU
		{5493B011-C4AD-444B-B80A-73887CE7C6F7}.Debug|Any CPU.ActiveCfg = Debug|Any CPU
		{5493B011-C4AD-444B-B80A-73887CE7C6F7}.Debug|Any CPU.Build.0 = Debug|Any CPU
		{5493B011-C4AD-444B-B80A-73887CE7C6F7}.Release|Any CPU.ActiveCfg = Release|Any CPU
		{5493B011-C4AD-444B-B80A-73887CE7C6F7}.Release|Any CPU.Build.0 = Release|Any CPU
		{BB7FDAA0-42C0-4AE3-9A9F-B5E47BA4D255}.Debug|Any CPU.ActiveCfg = Debug|Any CPU
		{BB7FDAA0-42C0-4AE3-9A9F-B5E47BA4D255}.Debug|Any CPU.Build.0 = Debug|Any CPU
		{BB7FDAA0-42C0-4AE3-9A9F-B5E47BA4D255}.Release|Any CPU.ActiveCfg = Release|Any CPU
		{BB7FDAA0-42C0-4AE3-9A9F-B5E47BA4D255}.Release|Any CPU.Build.0 = Release|Any CPU
		{C089A5F5-98DB-4883-85F2-16FBCA7C7872}.Debug|Any CPU.ActiveCfg = Debug|Any CPU
		{C089A5F5-98DB-4883-85F2-16FBCA7C7872}.Debug|Any CPU.Build.0 = Debug|Any CPU
		{C089A5F5-98DB-4883-85F2-16FBCA7C7872}.Release|Any CPU.ActiveCfg = Release|Any CPU
		{C089A5F5-98DB-4883-85F2-16FBCA7C7872}.Release|Any CPU.Build.0 = Release|Any CPU
		{AB2F08E7-4D8F-43B0-81A7-79AC39175839}.Debug|Any CPU.ActiveCfg = Debug|Any CPU
		{AB2F08E7-4D8F-43B0-81A7-79AC39175839}.Debug|Any CPU.Build.0 = Debug|Any CPU
		{AB2F08E7-4D8F-43B0-81A7-79AC39175839}.Release|Any CPU.ActiveCfg = Release|Any CPU
		{AB2F08E7-4D8F-43B0-81A7-79AC39175839}.Release|Any CPU.Build.0 = Release|Any CPU
		{B3EA8749-1CAC-4387-97A1-E3D59C9C6C73}.Debug|Any CPU.ActiveCfg = Debug|Any CPU
		{B3EA8749-1CAC-4387-97A1-E3D59C9C6C73}.Debug|Any CPU.Build.0 = Debug|Any CPU
		{B3EA8749-1CAC-4387-97A1-E3D59C9C6C73}.Release|Any CPU.ActiveCfg = Release|Any CPU
		{B3EA8749-1CAC-4387-97A1-E3D59C9C6C73}.Release|Any CPU.Build.0 = Release|Any CPU
		{3AF3B562-9D75-4B54-8494-CC0CDD9FC05C}.Debug|Any CPU.ActiveCfg = Debug|Any CPU
		{3AF3B562-9D75-4B54-8494-CC0CDD9FC05C}.Debug|Any CPU.Build.0 = Debug|Any CPU
		{3AF3B562-9D75-4B54-8494-CC0CDD9FC05C}.Release|Any CPU.ActiveCfg = Release|Any CPU
		{3AF3B562-9D75-4B54-8494-CC0CDD9FC05C}.Release|Any CPU.Build.0 = Release|Any CPU
		{50B5AA17-4301-4A23-B326-03AF25F9EF9C}.Debug|Any CPU.ActiveCfg = Debug|Any CPU
		{50B5AA17-4301-4A23-B326-03AF25F9EF9C}.Debug|Any CPU.Build.0 = Debug|Any CPU
		{50B5AA17-4301-4A23-B326-03AF25F9EF9C}.Release|Any CPU.ActiveCfg = Release|Any CPU
		{50B5AA17-4301-4A23-B326-03AF25F9EF9C}.Release|Any CPU.Build.0 = Release|Any CPU
		{CFBC8AA4-AC9A-44AF-9105-7E8AA8849F29}.Debug|Any CPU.ActiveCfg = Debug|Any CPU
		{CFBC8AA4-AC9A-44AF-9105-7E8AA8849F29}.Debug|Any CPU.Build.0 = Debug|Any CPU
		{CFBC8AA4-AC9A-44AF-9105-7E8AA8849F29}.Release|Any CPU.ActiveCfg = Release|Any CPU
		{CFBC8AA4-AC9A-44AF-9105-7E8AA8849F29}.Release|Any CPU.Build.0 = Release|Any CPU
		{95ACEE5A-02B5-4988-A34B-E8E918ACEC9D}.Debug|Any CPU.ActiveCfg = Debug|Any CPU
		{95ACEE5A-02B5-4988-A34B-E8E918ACEC9D}.Debug|Any CPU.Build.0 = Debug|Any CPU
		{95ACEE5A-02B5-4988-A34B-E8E918ACEC9D}.Release|Any CPU.ActiveCfg = Release|Any CPU
		{95ACEE5A-02B5-4988-A34B-E8E918ACEC9D}.Release|Any CPU.Build.0 = Release|Any CPU
		{2D59A8D9-2C3D-4092-9462-2D6F9E2890CB}.Debug|Any CPU.ActiveCfg = Debug|Any CPU
		{2D59A8D9-2C3D-4092-9462-2D6F9E2890CB}.Debug|Any CPU.Build.0 = Debug|Any CPU
		{2D59A8D9-2C3D-4092-9462-2D6F9E2890CB}.Release|Any CPU.ActiveCfg = Release|Any CPU
		{2D59A8D9-2C3D-4092-9462-2D6F9E2890CB}.Release|Any CPU.Build.0 = Release|Any CPU
		{CF6D177F-5FE8-4302-8CC8-5CDB67789BFA}.Debug|Any CPU.ActiveCfg = Debug|Any CPU
		{CF6D177F-5FE8-4302-8CC8-5CDB67789BFA}.Debug|Any CPU.Build.0 = Debug|Any CPU
		{CF6D177F-5FE8-4302-8CC8-5CDB67789BFA}.Release|Any CPU.ActiveCfg = Release|Any CPU
		{CF6D177F-5FE8-4302-8CC8-5CDB67789BFA}.Release|Any CPU.Build.0 = Release|Any CPU
		{E5042B0E-AC14-47A0-9E5D-2E6584045ACE}.Debug|Any CPU.ActiveCfg = Debug|Any CPU
		{E5042B0E-AC14-47A0-9E5D-2E6584045ACE}.Debug|Any CPU.Build.0 = Debug|Any CPU
		{E5042B0E-AC14-47A0-9E5D-2E6584045ACE}.Release|Any CPU.ActiveCfg = Release|Any CPU
		{E5042B0E-AC14-47A0-9E5D-2E6584045ACE}.Release|Any CPU.Build.0 = Release|Any CPU
		{700CB46D-C5B2-4CDE-B494-0924B90BFCEF}.Debug|Any CPU.ActiveCfg = Debug|Any CPU
		{700CB46D-C5B2-4CDE-B494-0924B90BFCEF}.Debug|Any CPU.Build.0 = Debug|Any CPU
		{700CB46D-C5B2-4CDE-B494-0924B90BFCEF}.Release|Any CPU.ActiveCfg = Release|Any CPU
		{700CB46D-C5B2-4CDE-B494-0924B90BFCEF}.Release|Any CPU.Build.0 = Release|Any CPU
		{FF470B44-A875-4B64-9923-89D1D1B5DDCC}.Debug|Any CPU.ActiveCfg = Debug|Any CPU
		{FF470B44-A875-4B64-9923-89D1D1B5DDCC}.Debug|Any CPU.Build.0 = Debug|Any CPU
		{FF470B44-A875-4B64-9923-89D1D1B5DDCC}.Release|Any CPU.ActiveCfg = Release|Any CPU
		{FF470B44-A875-4B64-9923-89D1D1B5DDCC}.Release|Any CPU.Build.0 = Release|Any CPU
		{326EDC44-6CAF-449B-8E6C-ED7854D2FBF8}.Debug|Any CPU.ActiveCfg = Debug|Any CPU
		{326EDC44-6CAF-449B-8E6C-ED7854D2FBF8}.Debug|Any CPU.Build.0 = Debug|Any CPU
		{326EDC44-6CAF-449B-8E6C-ED7854D2FBF8}.Release|Any CPU.ActiveCfg = Release|Any CPU
		{326EDC44-6CAF-449B-8E6C-ED7854D2FBF8}.Release|Any CPU.Build.0 = Release|Any CPU
		{B6DACEAB-3EE9-44A8-B8AE-DBE7F159F690}.Debug|Any CPU.ActiveCfg = Debug|Any CPU
		{B6DACEAB-3EE9-44A8-B8AE-DBE7F159F690}.Debug|Any CPU.Build.0 = Debug|Any CPU
		{B6DACEAB-3EE9-44A8-B8AE-DBE7F159F690}.Release|Any CPU.ActiveCfg = Release|Any CPU
		{B6DACEAB-3EE9-44A8-B8AE-DBE7F159F690}.Release|Any CPU.Build.0 = Release|Any CPU
		{4E4EE7ED-635E-486C-9193-054BF629A42A}.Debug|Any CPU.ActiveCfg = Debug|Any CPU
		{4E4EE7ED-635E-486C-9193-054BF629A42A}.Debug|Any CPU.Build.0 = Debug|Any CPU
		{4E4EE7ED-635E-486C-9193-054BF629A42A}.Release|Any CPU.ActiveCfg = Release|Any CPU
		{4E4EE7ED-635E-486C-9193-054BF629A42A}.Release|Any CPU.Build.0 = Release|Any CPU
		{FC156781-08DA-48C7-896A-8824B7631591}.Debug|Any CPU.ActiveCfg = Debug|Any CPU
		{FC156781-08DA-48C7-896A-8824B7631591}.Debug|Any CPU.Build.0 = Debug|Any CPU
		{FC156781-08DA-48C7-896A-8824B7631591}.Release|Any CPU.ActiveCfg = Release|Any CPU
		{FC156781-08DA-48C7-896A-8824B7631591}.Release|Any CPU.Build.0 = Release|Any CPU
		{2C6F8EF3-4AC9-4617-A83E-DC5D0B06A79D}.Debug|Any CPU.ActiveCfg = Debug|Any CPU
		{2C6F8EF3-4AC9-4617-A83E-DC5D0B06A79D}.Debug|Any CPU.Build.0 = Debug|Any CPU
		{2C6F8EF3-4AC9-4617-A83E-DC5D0B06A79D}.Release|Any CPU.ActiveCfg = Release|Any CPU
		{2C6F8EF3-4AC9-4617-A83E-DC5D0B06A79D}.Release|Any CPU.Build.0 = Release|Any CPU
		{FD6B31B9-2808-49ED-9D21-A75BD1777611}.Debug|Any CPU.ActiveCfg = Debug|Any CPU
		{FD6B31B9-2808-49ED-9D21-A75BD1777611}.Debug|Any CPU.Build.0 = Debug|Any CPU
		{FD6B31B9-2808-49ED-9D21-A75BD1777611}.Release|Any CPU.ActiveCfg = Release|Any CPU
		{FD6B31B9-2808-49ED-9D21-A75BD1777611}.Release|Any CPU.Build.0 = Release|Any CPU
		{FAC3CF16-B81D-489A-9EBA-8E3412516395}.Debug|Any CPU.ActiveCfg = Debug|Any CPU
		{FAC3CF16-B81D-489A-9EBA-8E3412516395}.Debug|Any CPU.Build.0 = Debug|Any CPU
		{FAC3CF16-B81D-489A-9EBA-8E3412516395}.Release|Any CPU.ActiveCfg = Release|Any CPU
		{FAC3CF16-B81D-489A-9EBA-8E3412516395}.Release|Any CPU.Build.0 = Release|Any CPU
		{C5F94E8A-872E-4440-973B-32EBD4E1F9CC}.Debug|Any CPU.ActiveCfg = Debug|Any CPU
		{C5F94E8A-872E-4440-973B-32EBD4E1F9CC}.Debug|Any CPU.Build.0 = Debug|Any CPU
		{C5F94E8A-872E-4440-973B-32EBD4E1F9CC}.Release|Any CPU.ActiveCfg = Release|Any CPU
		{C5F94E8A-872E-4440-973B-32EBD4E1F9CC}.Release|Any CPU.Build.0 = Release|Any CPU
		{C6494E76-0D44-4A5D-B092-3A1EAFC9B3D4}.Debug|Any CPU.ActiveCfg = Debug|Any CPU
		{C6494E76-0D44-4A5D-B092-3A1EAFC9B3D4}.Debug|Any CPU.Build.0 = Debug|Any CPU
		{C6494E76-0D44-4A5D-B092-3A1EAFC9B3D4}.Release|Any CPU.ActiveCfg = Release|Any CPU
		{C6494E76-0D44-4A5D-B092-3A1EAFC9B3D4}.Release|Any CPU.Build.0 = Release|Any CPU
		{565830D4-D2A0-4514-A99C-8BCD72236262}.Debug|Any CPU.ActiveCfg = Debug|Any CPU
		{565830D4-D2A0-4514-A99C-8BCD72236262}.Debug|Any CPU.Build.0 = Debug|Any CPU
		{565830D4-D2A0-4514-A99C-8BCD72236262}.Release|Any CPU.ActiveCfg = Release|Any CPU
		{565830D4-D2A0-4514-A99C-8BCD72236262}.Release|Any CPU.Build.0 = Release|Any CPU
		{40FE5455-EC4B-408B-B841-2F114DF31CD5}.Debug|Any CPU.ActiveCfg = Debug|Any CPU
		{40FE5455-EC4B-408B-B841-2F114DF31CD5}.Debug|Any CPU.Build.0 = Debug|Any CPU
		{40FE5455-EC4B-408B-B841-2F114DF31CD5}.Release|Any CPU.ActiveCfg = Release|Any CPU
		{40FE5455-EC4B-408B-B841-2F114DF31CD5}.Release|Any CPU.Build.0 = Release|Any CPU
		{F6B4A7B5-122F-4F0A-97B9-EC6CC286BD26}.Debug|Any CPU.ActiveCfg = Debug|Any CPU
		{F6B4A7B5-122F-4F0A-97B9-EC6CC286BD26}.Debug|Any CPU.Build.0 = Debug|Any CPU
		{F6B4A7B5-122F-4F0A-97B9-EC6CC286BD26}.Release|Any CPU.ActiveCfg = Release|Any CPU
		{F6B4A7B5-122F-4F0A-97B9-EC6CC286BD26}.Release|Any CPU.Build.0 = Release|Any CPU
		{72F89054-4206-4D87-A1F6-3713B380C2B5}.Debug|Any CPU.ActiveCfg = Debug|Any CPU
		{72F89054-4206-4D87-A1F6-3713B380C2B5}.Debug|Any CPU.Build.0 = Debug|Any CPU
		{72F89054-4206-4D87-A1F6-3713B380C2B5}.Release|Any CPU.ActiveCfg = Release|Any CPU
		{72F89054-4206-4D87-A1F6-3713B380C2B5}.Release|Any CPU.Build.0 = Release|Any CPU
		{A121250E-0A67-4C18-A1BD-5E629C40D165}.Debug|Any CPU.ActiveCfg = Debug|Any CPU
		{A121250E-0A67-4C18-A1BD-5E629C40D165}.Debug|Any CPU.Build.0 = Debug|Any CPU
		{A121250E-0A67-4C18-A1BD-5E629C40D165}.Release|Any CPU.ActiveCfg = Release|Any CPU
		{A121250E-0A67-4C18-A1BD-5E629C40D165}.Release|Any CPU.Build.0 = Release|Any CPU
		{1AEC18AC-9094-4941-978D-0DA27A2C487D}.Debug|Any CPU.ActiveCfg = Debug|Any CPU
		{1AEC18AC-9094-4941-978D-0DA27A2C487D}.Debug|Any CPU.Build.0 = Debug|Any CPU
		{1AEC18AC-9094-4941-978D-0DA27A2C487D}.Release|Any CPU.ActiveCfg = Release|Any CPU
		{1AEC18AC-9094-4941-978D-0DA27A2C487D}.Release|Any CPU.Build.0 = Release|Any CPU
		{B35B7AA9-8849-4ED9-B780-7275B9F26527}.Debug|Any CPU.ActiveCfg = Debug|Any CPU
		{B35B7AA9-8849-4ED9-B780-7275B9F26527}.Debug|Any CPU.Build.0 = Debug|Any CPU
		{B35B7AA9-8849-4ED9-B780-7275B9F26527}.Release|Any CPU.ActiveCfg = Release|Any CPU
		{B35B7AA9-8849-4ED9-B780-7275B9F26527}.Release|Any CPU.Build.0 = Release|Any CPU
		{8E3B4155-B960-44A0-BA03-A84AC039FA2A}.Debug|Any CPU.ActiveCfg = Debug|Any CPU
		{8E3B4155-B960-44A0-BA03-A84AC039FA2A}.Debug|Any CPU.Build.0 = Debug|Any CPU
		{8E3B4155-B960-44A0-BA03-A84AC039FA2A}.Release|Any CPU.ActiveCfg = Release|Any CPU
		{8E3B4155-B960-44A0-BA03-A84AC039FA2A}.Release|Any CPU.Build.0 = Release|Any CPU
		{3B31A0D4-6129-4ABC-BFF3-3445FF0BEAEB}.Debug|Any CPU.ActiveCfg = Debug|Any CPU
		{3B31A0D4-6129-4ABC-BFF3-3445FF0BEAEB}.Debug|Any CPU.Build.0 = Debug|Any CPU
		{3B31A0D4-6129-4ABC-BFF3-3445FF0BEAEB}.Release|Any CPU.ActiveCfg = Release|Any CPU
		{3B31A0D4-6129-4ABC-BFF3-3445FF0BEAEB}.Release|Any CPU.Build.0 = Release|Any CPU
		{C77C3542-0852-4411-9A6A-70B482953768}.Debug|Any CPU.ActiveCfg = Debug|Any CPU
		{C77C3542-0852-4411-9A6A-70B482953768}.Debug|Any CPU.Build.0 = Debug|Any CPU
		{C77C3542-0852-4411-9A6A-70B482953768}.Release|Any CPU.ActiveCfg = Release|Any CPU
		{C77C3542-0852-4411-9A6A-70B482953768}.Release|Any CPU.Build.0 = Release|Any CPU
		{6B762ADD-EC37-4A5E-A327-B30E1B168A33}.Debug|Any CPU.ActiveCfg = Debug|Any CPU
		{6B762ADD-EC37-4A5E-A327-B30E1B168A33}.Debug|Any CPU.Build.0 = Debug|Any CPU
		{6B762ADD-EC37-4A5E-A327-B30E1B168A33}.Release|Any CPU.ActiveCfg = Release|Any CPU
		{6B762ADD-EC37-4A5E-A327-B30E1B168A33}.Release|Any CPU.Build.0 = Release|Any CPU
		{4E3AC624-BDF7-4AAA-BCA8-B9C74B3A9CF4}.Debug|Any CPU.ActiveCfg = Debug|Any CPU
		{4E3AC624-BDF7-4AAA-BCA8-B9C74B3A9CF4}.Debug|Any CPU.Build.0 = Debug|Any CPU
		{4E3AC624-BDF7-4AAA-BCA8-B9C74B3A9CF4}.Release|Any CPU.ActiveCfg = Release|Any CPU
		{4E3AC624-BDF7-4AAA-BCA8-B9C74B3A9CF4}.Release|Any CPU.Build.0 = Release|Any CPU
		{DE71E582-AF3D-4075-80F6-03408C955774}.Debug|Any CPU.ActiveCfg = Debug|Any CPU
		{DE71E582-AF3D-4075-80F6-03408C955774}.Debug|Any CPU.Build.0 = Debug|Any CPU
		{DE71E582-AF3D-4075-80F6-03408C955774}.Release|Any CPU.ActiveCfg = Release|Any CPU
		{DE71E582-AF3D-4075-80F6-03408C955774}.Release|Any CPU.Build.0 = Release|Any CPU
		{37394240-CE6C-4EE2-864F-4CF45C543FC1}.Debug|Any CPU.ActiveCfg = Debug|Any CPU
		{37394240-CE6C-4EE2-864F-4CF45C543FC1}.Debug|Any CPU.Build.0 = Debug|Any CPU
		{37394240-CE6C-4EE2-864F-4CF45C543FC1}.Release|Any CPU.ActiveCfg = Release|Any CPU
		{37394240-CE6C-4EE2-864F-4CF45C543FC1}.Release|Any CPU.Build.0 = Release|Any CPU
		{67F459C0-FA8C-4D2B-A6A8-DC724D2F7304}.Debug|Any CPU.ActiveCfg = Debug|Any CPU
		{67F459C0-FA8C-4D2B-A6A8-DC724D2F7304}.Debug|Any CPU.Build.0 = Debug|Any CPU
		{67F459C0-FA8C-4D2B-A6A8-DC724D2F7304}.Release|Any CPU.ActiveCfg = Release|Any CPU
		{67F459C0-FA8C-4D2B-A6A8-DC724D2F7304}.Release|Any CPU.Build.0 = Release|Any CPU
		{888056DE-CE22-44A5-B9EE-5B5742697019}.Debug|Any CPU.ActiveCfg = Debug|Any CPU
		{888056DE-CE22-44A5-B9EE-5B5742697019}.Debug|Any CPU.Build.0 = Debug|Any CPU
		{888056DE-CE22-44A5-B9EE-5B5742697019}.Release|Any CPU.ActiveCfg = Release|Any CPU
		{888056DE-CE22-44A5-B9EE-5B5742697019}.Release|Any CPU.Build.0 = Release|Any CPU
		{766161AB-8B15-4F59-9678-6EB86503ADF6}.Debug|Any CPU.ActiveCfg = Debug|Any CPU
		{766161AB-8B15-4F59-9678-6EB86503ADF6}.Debug|Any CPU.Build.0 = Debug|Any CPU
		{766161AB-8B15-4F59-9678-6EB86503ADF6}.Release|Any CPU.ActiveCfg = Release|Any CPU
		{766161AB-8B15-4F59-9678-6EB86503ADF6}.Release|Any CPU.Build.0 = Release|Any CPU
		{ABF6FDA2-693D-4CDE-A510-09F4DF89A06E}.Debug|Any CPU.ActiveCfg = Debug|Any CPU
		{ABF6FDA2-693D-4CDE-A510-09F4DF89A06E}.Debug|Any CPU.Build.0 = Debug|Any CPU
		{ABF6FDA2-693D-4CDE-A510-09F4DF89A06E}.Release|Any CPU.ActiveCfg = Release|Any CPU
		{ABF6FDA2-693D-4CDE-A510-09F4DF89A06E}.Release|Any CPU.Build.0 = Release|Any CPU
		{BFCF2455-B1DB-4EC1-B106-D449DD0AFCF9}.Debug|Any CPU.ActiveCfg = Debug|Any CPU
		{BFCF2455-B1DB-4EC1-B106-D449DD0AFCF9}.Debug|Any CPU.Build.0 = Debug|Any CPU
		{BFCF2455-B1DB-4EC1-B106-D449DD0AFCF9}.Release|Any CPU.ActiveCfg = Release|Any CPU
		{BFCF2455-B1DB-4EC1-B106-D449DD0AFCF9}.Release|Any CPU.Build.0 = Release|Any CPU
		{C7D456BA-AAD2-4992-ADD5-184707BE9EE1}.Debug|Any CPU.ActiveCfg = Debug|Any CPU
		{C7D456BA-AAD2-4992-ADD5-184707BE9EE1}.Debug|Any CPU.Build.0 = Debug|Any CPU
		{C7D456BA-AAD2-4992-ADD5-184707BE9EE1}.Release|Any CPU.ActiveCfg = Release|Any CPU
		{C7D456BA-AAD2-4992-ADD5-184707BE9EE1}.Release|Any CPU.Build.0 = Release|Any CPU
		{C4CF757F-79F7-4CE3-9D20-F1146AF8AB90}.Debug|Any CPU.ActiveCfg = Debug|Any CPU
		{C4CF757F-79F7-4CE3-9D20-F1146AF8AB90}.Debug|Any CPU.Build.0 = Debug|Any CPU
		{C4CF757F-79F7-4CE3-9D20-F1146AF8AB90}.Release|Any CPU.ActiveCfg = Release|Any CPU
		{C4CF757F-79F7-4CE3-9D20-F1146AF8AB90}.Release|Any CPU.Build.0 = Release|Any CPU
		{C8A926C4-0CF5-49D4-9136-A19516193012}.Debug|Any CPU.ActiveCfg = Debug|Any CPU
		{C8A926C4-0CF5-49D4-9136-A19516193012}.Debug|Any CPU.Build.0 = Debug|Any CPU
		{C8A926C4-0CF5-49D4-9136-A19516193012}.Release|Any CPU.ActiveCfg = Release|Any CPU
		{C8A926C4-0CF5-49D4-9136-A19516193012}.Release|Any CPU.Build.0 = Release|Any CPU
		{B164FEBE-9A30-4A50-B85A-A3D246947899}.Debug|Any CPU.ActiveCfg = Debug|Any CPU
		{B164FEBE-9A30-4A50-B85A-A3D246947899}.Debug|Any CPU.Build.0 = Debug|Any CPU
		{B164FEBE-9A30-4A50-B85A-A3D246947899}.Release|Any CPU.ActiveCfg = Release|Any CPU
		{B164FEBE-9A30-4A50-B85A-A3D246947899}.Release|Any CPU.Build.0 = Release|Any CPU
		{1BFCA854-3D24-4B2F-A420-143762BA6252}.Debug|Any CPU.ActiveCfg = Debug|Any CPU
		{1BFCA854-3D24-4B2F-A420-143762BA6252}.Debug|Any CPU.Build.0 = Debug|Any CPU
		{1BFCA854-3D24-4B2F-A420-143762BA6252}.Release|Any CPU.ActiveCfg = Release|Any CPU
		{1BFCA854-3D24-4B2F-A420-143762BA6252}.Release|Any CPU.Build.0 = Release|Any CPU
		{0A1BEBB6-6720-4AE7-A3AC-1C5D58C3BBD5}.Debug|Any CPU.ActiveCfg = Debug|Any CPU
		{0A1BEBB6-6720-4AE7-A3AC-1C5D58C3BBD5}.Debug|Any CPU.Build.0 = Debug|Any CPU
		{0A1BEBB6-6720-4AE7-A3AC-1C5D58C3BBD5}.Release|Any CPU.ActiveCfg = Release|Any CPU
		{0A1BEBB6-6720-4AE7-A3AC-1C5D58C3BBD5}.Release|Any CPU.Build.0 = Release|Any CPU
		{2C4B82D9-46DF-43E0-AD5D-776D3A4A2F53}.Debug|Any CPU.ActiveCfg = Debug|Any CPU
		{2C4B82D9-46DF-43E0-AD5D-776D3A4A2F53}.Debug|Any CPU.Build.0 = Debug|Any CPU
		{2C4B82D9-46DF-43E0-AD5D-776D3A4A2F53}.Release|Any CPU.ActiveCfg = Release|Any CPU
		{2C4B82D9-46DF-43E0-AD5D-776D3A4A2F53}.Release|Any CPU.Build.0 = Release|Any CPU
		{AC14F3F4-D68B-4AE3-BCD3-2CD9B608EBFB}.Debug|Any CPU.ActiveCfg = Debug|Any CPU
		{AC14F3F4-D68B-4AE3-BCD3-2CD9B608EBFB}.Debug|Any CPU.Build.0 = Debug|Any CPU
		{AC14F3F4-D68B-4AE3-BCD3-2CD9B608EBFB}.Release|Any CPU.ActiveCfg = Release|Any CPU
		{AC14F3F4-D68B-4AE3-BCD3-2CD9B608EBFB}.Release|Any CPU.Build.0 = Release|Any CPU
		{E83488BE-9286-43FF-AAF5-CA0380ED5597}.Debug|Any CPU.ActiveCfg = Debug|Any CPU
		{E83488BE-9286-43FF-AAF5-CA0380ED5597}.Debug|Any CPU.Build.0 = Debug|Any CPU
		{E83488BE-9286-43FF-AAF5-CA0380ED5597}.Release|Any CPU.ActiveCfg = Release|Any CPU
		{E83488BE-9286-43FF-AAF5-CA0380ED5597}.Release|Any CPU.Build.0 = Release|Any CPU
		{25BFA75F-35AA-4740-B9EE-CD76E0845A30}.Debug|Any CPU.ActiveCfg = Debug|Any CPU
		{25BFA75F-35AA-4740-B9EE-CD76E0845A30}.Debug|Any CPU.Build.0 = Debug|Any CPU
		{25BFA75F-35AA-4740-B9EE-CD76E0845A30}.Release|Any CPU.ActiveCfg = Release|Any CPU
		{25BFA75F-35AA-4740-B9EE-CD76E0845A30}.Release|Any CPU.Build.0 = Release|Any CPU
		{E37957A9-618E-44FF-86F2-405C7E2242C5}.Debug|Any CPU.ActiveCfg = Debug|Any CPU
		{E37957A9-618E-44FF-86F2-405C7E2242C5}.Debug|Any CPU.Build.0 = Debug|Any CPU
		{E37957A9-618E-44FF-86F2-405C7E2242C5}.Release|Any CPU.ActiveCfg = Release|Any CPU
		{E37957A9-618E-44FF-86F2-405C7E2242C5}.Release|Any CPU.Build.0 = Release|Any CPU
		{793BBAD3-8422-4BEA-A598-DC514C1386C7}.Debug|Any CPU.ActiveCfg = Debug|Any CPU
		{793BBAD3-8422-4BEA-A598-DC514C1386C7}.Debug|Any CPU.Build.0 = Debug|Any CPU
		{793BBAD3-8422-4BEA-A598-DC514C1386C7}.Release|Any CPU.ActiveCfg = Release|Any CPU
		{793BBAD3-8422-4BEA-A598-DC514C1386C7}.Release|Any CPU.Build.0 = Release|Any CPU
		{9146014B-016A-442A-87A0-D0EF071890FB}.Debug|Any CPU.ActiveCfg = Debug|Any CPU
		{9146014B-016A-442A-87A0-D0EF071890FB}.Debug|Any CPU.Build.0 = Debug|Any CPU
		{9146014B-016A-442A-87A0-D0EF071890FB}.Release|Any CPU.ActiveCfg = Release|Any CPU
		{9146014B-016A-442A-87A0-D0EF071890FB}.Release|Any CPU.Build.0 = Release|Any CPU
		{FFC18F3F-F1D2-4B9A-A7D2-F0BDE3DC511F}.Debug|Any CPU.ActiveCfg = Debug|Any CPU
		{FFC18F3F-F1D2-4B9A-A7D2-F0BDE3DC511F}.Debug|Any CPU.Build.0 = Debug|Any CPU
		{FFC18F3F-F1D2-4B9A-A7D2-F0BDE3DC511F}.Release|Any CPU.ActiveCfg = Release|Any CPU
		{FFC18F3F-F1D2-4B9A-A7D2-F0BDE3DC511F}.Release|Any CPU.Build.0 = Release|Any CPU
	EndGlobalSection
	GlobalSection(SolutionProperties) = preSolution
		HideSolutionNode = FALSE
	EndGlobalSection
EndGlobal
